// !$*UTF8*$!
{
	archiveVersion = 1;
	classes = {
	};
	objectVersion = 46;
	objects = {

/* Begin PBXBuildFile section */
		04E9B8031B4AE173009939EA /* main.m in Sources */ = {isa = PBXBuildFile; fileRef = 04E9B8021B4AE173009939EA /* main.m */; };
		04E9B8061B4AE173009939EA /* AppDelegate.m in Sources */ = {isa = PBXBuildFile; fileRef = 04E9B8051B4AE173009939EA /* AppDelegate.m */; };
		04E9B8091B4AE173009939EA /* ViewController.m in Sources */ = {isa = PBXBuildFile; fileRef = 04E9B8081B4AE173009939EA /* ViewController.m */; };
		04E9B80C1B4AE173009939EA /* Main.storyboard in Resources */ = {isa = PBXBuildFile; fileRef = 04E9B80A1B4AE173009939EA /* Main.storyboard */; };
		04E9B80E1B4AE173009939EA /* Images.xcassets in Resources */ = {isa = PBXBuildFile; fileRef = 04E9B80D1B4AE173009939EA /* Images.xcassets */; };
		04E9B8111B4AE173009939EA /* LaunchScreen.xib in Resources */ = {isa = PBXBuildFile; fileRef = 04E9B80F1B4AE173009939EA /* LaunchScreen.xib */; };
		04E9B81D1B4AE173009939EA /* DrawPadTests.m in Sources */ = {isa = PBXBuildFile; fileRef = 04E9B81C1B4AE173009939EA /* DrawPadTests.m */; };
/* End PBXBuildFile section */

/* Begin PBXContainerItemProxy section */
		04E9B8171B4AE173009939EA /* PBXContainerItemProxy */ = {
			isa = PBXContainerItemProxy;
			containerPortal = 04E9B7F51B4AE173009939EA /* Project object */;
			proxyType = 1;
			remoteGlobalIDString = 04E9B7FC1B4AE173009939EA;
			remoteInfo = DrawPad;
		};
/* End PBXContainerItemProxy section */

/* Begin PBXFileReference section */
		04E9B7FD1B4AE173009939EA /* DrawPad.app */ = {isa = PBXFileReference; explicitFileType = wrapper.application; includeInIndex = 0; path = DrawPad.app; sourceTree = BUILT_PRODUCTS_DIR; };
		04E9B8011B4AE173009939EA /* Info.plist */ = {isa = PBXFileReference; lastKnownFileType = text.plist.xml; path = Info.plist; sourceTree = "<group>"; };
		04E9B8021B4AE173009939EA /* main.m */ = {isa = PBXFileReference; lastKnownFileType = sourcecode.c.objc; path = main.m; sourceTree = "<group>"; };
		04E9B8041B4AE173009939EA /* AppDelegate.h */ = {isa = PBXFileReference; lastKnownFileType = sourcecode.c.h; path = AppDelegate.h; sourceTree = "<group>"; };
		04E9B8051B4AE173009939EA /* AppDelegate.m */ = {isa = PBXFileReference; lastKnownFileType = sourcecode.c.objc; path = AppDelegate.m; sourceTree = "<group>"; };
		04E9B8071B4AE173009939EA /* ViewController.h */ = {isa = PBXFileReference; lastKnownFileType = sourcecode.c.h; path = ViewController.h; sourceTree = "<group>"; };
		04E9B8081B4AE173009939EA /* ViewController.m */ = {isa = PBXFileReference; lastKnownFileType = sourcecode.c.objc; path = ViewController.m; sourceTree = "<group>"; };
		04E9B80B1B4AE173009939EA /* Base */ = {isa = PBXFileReference; lastKnownFileType = file.storyboard; name = Base; path = Base.lproj/Main.storyboard; sourceTree = "<group>"; };
		04E9B80D1B4AE173009939EA /* Images.xcassets */ = {isa = PBXFileReference; lastKnownFileType = folder.assetcatalog; path = Images.xcassets; sourceTree = "<group>"; };
		04E9B8101B4AE173009939EA /* Base */ = {isa = PBXFileReference; lastKnownFileType = file.xib; name = Base; path = Base.lproj/LaunchScreen.xib; sourceTree = "<group>"; };
		04E9B8161B4AE173009939EA /* DrawPadTests.xctest */ = {isa = PBXFileReference; explicitFileType = wrapper.cfbundle; includeInIndex = 0; path = DrawPadTests.xctest; sourceTree = BUILT_PRODUCTS_DIR; };
		04E9B81B1B4AE173009939EA /* Info.plist */ = {isa = PBXFileReference; lastKnownFileType = text.plist.xml; path = Info.plist; sourceTree = "<group>"; };
		04E9B81C1B4AE173009939EA /* DrawPadTests.m */ = {isa = PBXFileReference; lastKnownFileType = sourcecode.c.objc; path = DrawPadTests.m; sourceTree = "<group>"; };
/* End PBXFileReference section */

/* Begin PBXFrameworksBuildPhase section */
		04E9B7FA1B4AE173009939EA /* Frameworks */ = {
			isa = PBXFrameworksBuildPhase;
			buildActionMask = 2147483647;
			files = (
			);
			runOnlyForDeploymentPostprocessing = 0;
		};
		04E9B8131B4AE173009939EA /* Frameworks */ = {
			isa = PBXFrameworksBuildPhase;
			buildActionMask = 2147483647;
			files = (
			);
			runOnlyForDeploymentPostprocessing = 0;
		};
/* End PBXFrameworksBuildPhase section */

/* Begin PBXGroup section */
		04E9B7F41B4AE173009939EA = {
			isa = PBXGroup;
			children = (
				04E9B7FF1B4AE173009939EA /* DrawPad */,
				04E9B8191B4AE173009939EA /* DrawPadTests */,
				04E9B7FE1B4AE173009939EA /* Products */,
			);
			sourceTree = "<group>";
		};
		04E9B7FE1B4AE173009939EA /* Products */ = {
			isa = PBXGroup;
			children = (
				04E9B7FD1B4AE173009939EA /* DrawPad.app */,
				04E9B8161B4AE173009939EA /* DrawPadTests.xctest */,
			);
			name = Products;
			sourceTree = "<group>";
		};
		04E9B7FF1B4AE173009939EA /* DrawPad */ = {
			isa = PBXGroup;
			children = (
				04E9B8041B4AE173009939EA /* AppDelegate.h */,
				04E9B8051B4AE173009939EA /* AppDelegate.m */,
				04E9B8071B4AE173009939EA /* ViewController.h */,
				04E9B8081B4AE173009939EA /* ViewController.m */,
				04E9B80A1B4AE173009939EA /* Main.storyboard */,
				04E9B80D1B4AE173009939EA /* Images.xcassets */,
				04E9B80F1B4AE173009939EA /* LaunchScreen.xib */,
				04E9B8001B4AE173009939EA /* Supporting Files */,
			);
			path = DrawPad;
			sourceTree = "<group>";
		};
		04E9B8001B4AE173009939EA /* Supporting Files */ = {
			isa = PBXGroup;
			children = (
				04E9B8011B4AE173009939EA /* Info.plist */,
				04E9B8021B4AE173009939EA /* main.m */,
			);
			name = "Supporting Files";
			sourceTree = "<group>";
		};
		04E9B8191B4AE173009939EA /* DrawPadTests */ = {
			isa = PBXGroup;
			children = (
				04E9B81C1B4AE173009939EA /* DrawPadTests.m */,
				04E9B81A1B4AE173009939EA /* Supporting Files */,
			);
			path = DrawPadTests;
			sourceTree = "<group>";
		};
		04E9B81A1B4AE173009939EA /* Supporting Files */ = {
			isa = PBXGroup;
			children = (
				04E9B81B1B4AE173009939EA /* Info.plist */,
			);
			name = "Supporting Files";
			sourceTree = "<group>";
		};
/* End PBXGroup section */

/* Begin PBXNativeTarget section */
		04E9B7FC1B4AE173009939EA /* DrawPad */ = {
			isa = PBXNativeTarget;
			buildConfigurationList = 04E9B8201B4AE173009939EA /* Build configuration list for PBXNativeTarget "DrawPad" */;
			buildPhases = (
				04E9B7F91B4AE173009939EA /* Sources */,
				04E9B7FA1B4AE173009939EA /* Frameworks */,
				04E9B7FB1B4AE173009939EA /* Resources */,
			);
			buildRules = (
			);
			dependencies = (
			);
			name = DrawPad;
			productName = DrawPad;
			productReference = 04E9B7FD1B4AE173009939EA /* DrawPad.app */;
			productType = "com.apple.product-type.application";
		};
		04E9B8151B4AE173009939EA /* DrawPadTests */ = {
			isa = PBXNativeTarget;
			buildConfigurationList = 04E9B8231B4AE173009939EA /* Build configuration list for PBXNativeTarget "DrawPadTests" */;
			buildPhases = (
				04E9B8121B4AE173009939EA /* Sources */,
				04E9B8131B4AE173009939EA /* Frameworks */,
				04E9B8141B4AE173009939EA /* Resources */,
			);
			buildRules = (
			);
			dependencies = (
				04E9B8181B4AE173009939EA /* PBXTargetDependency */,
			);
			name = DrawPadTests;
			productName = DrawPadTests;
			productReference = 04E9B8161B4AE173009939EA /* DrawPadTests.xctest */;
			productType = "com.apple.product-type.bundle.unit-test";
		};
/* End PBXNativeTarget section */

/* Begin PBXProject section */
		04E9B7F51B4AE173009939EA /* Project object */ = {
			isa = PBXProject;
			attributes = {
				LastUpgradeCheck = 0630;
				ORGANIZATIONNAME = mac;
				TargetAttributes = {
					04E9B7FC1B4AE173009939EA = {
						CreatedOnToolsVersion = 6.3;
					};
					04E9B8151B4AE173009939EA = {
						CreatedOnToolsVersion = 6.3;
						TestTargetID = 04E9B7FC1B4AE173009939EA;
					};
				};
			};
			buildConfigurationList = 04E9B7F81B4AE173009939EA /* Build configuration list for PBXProject "DrawPad" */;
			compatibilityVersion = "Xcode 3.2";
			developmentRegion = English;
			hasScannedForEncodings = 0;
			knownRegions = (
				en,
				Base,
			);
			mainGroup = 04E9B7F41B4AE173009939EA;
			productRefGroup = 04E9B7FE1B4AE173009939EA /* Products */;
			projectDirPath = "";
			projectRoot = "";
			targets = (
				04E9B7FC1B4AE173009939EA /* DrawPad */,
				04E9B8151B4AE173009939EA /* DrawPadTests */,
			);
		};
/* End PBXProject section */

/* Begin PBXResourcesBuildPhase section */
		04E9B7FB1B4AE173009939EA /* Resources */ = {
			isa = PBXResourcesBuildPhase;
			buildActionMask = 2147483647;
			files = (
				04E9B80C1B4AE173009939EA /* Main.storyboard in Resources */,
				04E9B8111B4AE173009939EA /* LaunchScreen.xib in Resources */,
				04E9B80E1B4AE173009939EA /* Images.xcassets in Resources */,
			);
			runOnlyForDeploymentPostprocessing = 0;
		};
		04E9B8141B4AE173009939EA /* Resources */ = {
			isa = PBXResourcesBuildPhase;
			buildActionMask = 2147483647;
			files = (
			);
			runOnlyForDeploymentPostprocessing = 0;
		};
/* End PBXResourcesBuildPhase section */

/* Begin PBXSourcesBuildPhase section */
		04E9B7F91B4AE173009939EA /* Sources */ = {
			isa = PBXSourcesBuildPhase;
			buildActionMask = 2147483647;
			files = (
				04E9B8091B4AE173009939EA /* ViewController.m in Sources */,
				04E9B8061B4AE173009939EA /* AppDelegate.m in Sources */,
				04E9B8031B4AE173009939EA /* main.m in Sources */,
			);
			runOnlyForDeploymentPostprocessing = 0;
		};
		04E9B8121B4AE173009939EA /* Sources */ = {
			isa = PBXSourcesBuildPhase;
			buildActionMask = 2147483647;
			files = (
				04E9B81D1B4AE173009939EA /* DrawPadTests.m in Sources */,
			);
			runOnlyForDeploymentPostprocessing = 0;
		};
/* End PBXSourcesBuildPhase section */

/* Begin PBXTargetDependency section */
		04E9B8181B4AE173009939EA /* PBXTargetDependency */ = {
			isa = PBXTargetDependency;
			target = 04E9B7FC1B4AE173009939EA /* DrawPad */;
			targetProxy = 04E9B8171B4AE173009939EA /* PBXContainerItemProxy */;
		};
/* End PBXTargetDependency section */

/* Begin PBXVariantGroup section */
		04E9B80A1B4AE173009939EA /* Main.storyboard */ = {
			isa = PBXVariantGroup;
			children = (
				04E9B80B1B4AE173009939EA /* Base */,
			);
			name = Main.storyboard;
			sourceTree = "<group>";
		};
		04E9B80F1B4AE173009939EA /* LaunchScreen.xib */ = {
			isa = PBXVariantGroup;
			children = (
				04E9B8101B4AE173009939EA /* Base */,
			);
			name = LaunchScreen.xib;
			sourceTree = "<group>";
		};
/* End PBXVariantGroup section */

/* Begin XCBuildConfiguration section */
		04E9B81E1B4AE173009939EA /* Debug */ = {
			isa = XCBuildConfiguration;
			buildSettings = {
				ALWAYS_SEARCH_USER_PATHS = NO;
				CLANG_CXX_LANGUAGE_STANDARD = "gnu++0x";
				CLANG_CXX_LIBRARY = "libc++";
				CLANG_ENABLE_MODULES = YES;
				CLANG_ENABLE_OBJC_ARC = YES;
				CLANG_WARN_BOOL_CONVERSION = YES;
				CLANG_WARN_CONSTANT_CONVERSION = YES;
				CLANG_WARN_DIRECT_OBJC_ISA_USAGE = YES_ERROR;
				CLANG_WARN_EMPTY_BODY = YES;
				CLANG_WARN_ENUM_CONVERSION = YES;
				CLANG_WARN_INT_CONVERSION = YES;
				CLANG_WARN_OBJC_ROOT_CLASS = YES_ERROR;
				CLANG_WARN_UNREACHABLE_CODE = YES;
				CLANG_WARN__DUPLICATE_METHOD_MATCH = YES;
				"CODE_SIGN_IDENTITY[sdk=iphoneos*]" = "iPhone Developer";
				COPY_PHASE_STRIP = NO;
				DEBUG_INFORMATION_FORMAT = "dwarf-with-dsym";
				ENABLE_STRICT_OBJC_MSGSEND = YES;
				GCC_C_LANGUAGE_STANDARD = gnu99;
				GCC_DYNAMIC_NO_PIC = NO;
				GCC_NO_COMMON_BLOCKS = YES;
				GCC_OPTIMIZATION_LEVEL = 0;
				GCC_PREPROCESSOR_DEFINITIONS = (
					"DEBUG=1",
					"$(inherited)",
				);
				GCC_SYMBOLS_PRIVATE_EXTERN = NO;
				GCC_WARN_64_TO_32_BIT_CONVERSION = YES;
				GCC_WARN_ABOUT_RETURN_TYPE = YES_ERROR;
				GCC_WARN_UNDECLARED_SELECTOR = YES;
				GCC_WARN_UNINITIALIZED_AUTOS = YES_AGGRESSIVE;
				GCC_WARN_UNUSED_FUNCTION = YES;
				GCC_WARN_UNUSED_VARIABLE = YES;
				IPHONEOS_DEPLOYMENT_TARGET = 8.3;
				MTL_ENABLE_DEBUG_INFO = YES;
				ONLY_ACTIVE_ARCH = YES;
				SDKROOT = iphoneos;
				TARGETED_DEVICE_FAMILY = "1,2";
			};
			name = Debug;
		};
		04E9B81F1B4AE173009939EA /* Release */ = {
			isa = XCBuildConfiguration;
			buildSettings = {
				ALWAYS_SEARCH_USER_PATHS = NO;
				CLANG_CXX_LANGUAGE_STANDARD = "gnu++0x";
				CLANG_CXX_LIBRARY = "libc++";
				CLANG_ENABLE_MODULES = YES;
				CLANG_ENABLE_OBJC_ARC = YES;
				CLANG_WARN_BOOL_CONVERSION = YES;
				CLANG_WARN_CONSTANT_CONVERSION = YES;
				CLANG_WARN_DIRECT_OBJC_ISA_USAGE = YES_ERROR;
				CLANG_WARN_EMPTY_BODY = YES;
				CLANG_WARN_ENUM_CONVERSION = YES;
				CLANG_WARN_INT_CONVERSION = YES;
				CLANG_WARN_OBJC_ROOT_CLASS = YES_ERROR;
				CLANG_WARN_UNREACHABLE_CODE = YES;
				CLANG_WARN__DUPLICATE_METHOD_MATCH = YES;
				"CODE_SIGN_IDENTITY[sdk=iphoneos*]" = "iPhone Developer";
				COPY_PHASE_STRIP = NO;
				DEBUG_INFORMATION_FORMAT = "dwarf-with-dsym";
				ENABLE_NS_ASSERTIONS = NO;
				ENABLE_STRICT_OBJC_MSGSEND = YES;
				GCC_C_LANGUAGE_STANDARD = gnu99;
				GCC_NO_COMMON_BLOCKS = YES;
				GCC_WARN_64_TO_32_BIT_CONVERSION = YES;
				GCC_WARN_ABOUT_RETURN_TYPE = YES_ERROR;
				GCC_WARN_UNDECLARED_SELECTOR = YES;
				GCC_WARN_UNINITIALIZED_AUTOS = YES_AGGRESSIVE;
				GCC_WARN_UNUSED_FUNCTION = YES;
				GCC_WARN_UNUSED_VARIABLE = YES;
				IPHONEOS_DEPLOYMENT_TARGET = 8.3;
				MTL_ENABLE_DEBUG_INFO = NO;
				SDKROOT = iphoneos;
				TARGETED_DEVICE_FAMILY = "1,2";
				VALIDATE_PRODUCT = YES;
			};
			name = Release;
		};
		04E9B8211B4AE173009939EA /* Debug */ = {
			isa = XCBuildConfiguration;
			buildSettings = {
				ASSETCATALOG_COMPILER_APPICON_NAME = AppIcon;
				INFOPLIST_FILE = DrawPad/Info.plist;
				LD_RUNPATH_SEARCH_PATHS = "$(inherited) @executable_path/Frameworks";
				PRODUCT_NAME = "$(TARGET_NAME)";
			};
			name = Debug;
		};
		04E9B8221B4AE173009939EA /* Release */ = {
			isa = XCBuildConfiguration;
			buildSettings = {
				ASSETCATALOG_COMPILER_APPICON_NAME = AppIcon;
				INFOPLIST_FILE = DrawPad/Info.plist;
				LD_RUNPATH_SEARCH_PATHS = "$(inherited) @executable_path/Frameworks";
				PRODUCT_NAME = "$(TARGET_NAME)";
			};
			name = Release;
		};
		04E9B8241B4AE173009939EA /* Debug */ = {
			isa = XCBuildConfiguration;
			buildSettings = {
				BUNDLE_LOADER = "$(TEST_HOST)";
				FRAMEWORK_SEARCH_PATHS = (
					"$(SDKROOT)/Developer/Library/Frameworks",
					"$(inherited)",
				);
				GCC_PREPROCESSOR_DEFINITIONS = (
					"DEBUG=1",
					"$(inherited)",
				);
				INFOPLIST_FILE = DrawPadTests/Info.plist;
				LD_RUNPATH_SEARCH_PATHS = "$(inherited) @executable_path/Frameworks @loader_path/Frameworks";
				PRODUCT_NAME = "$(TARGET_NAME)";
				TEST_HOST = "$(BUILT_PRODUCTS_DIR)/DrawPad.app/DrawPad";
			};
			name = Debug;
		};
		04E9B8251B4AE173009939EA /* Release */ = {
			isa = XCBuildConfiguration;
			buildSettings = {
				BUNDLE_LOADER = "$(TEST_HOST)";
				FRAMEWORK_SEARCH_PATHS = (
					"$(SDKROOT)/Developer/Library/Frameworks",
					"$(inherited)",
				);
				INFOPLIST_FILE = DrawPadTests/Info.plist;
				LD_RUNPATH_SEARCH_PATHS = "$(inherited) @executable_path/Frameworks @loader_path/Frameworks";
				PRODUCT_NAME = "$(TARGET_NAME)";
				TEST_HOST = "$(BUILT_PRODUCTS_DIR)/DrawPad.app/DrawPad";
			};
			name = Release;
		};
/* End XCBuildConfiguration section */

/* Begin XCConfigurationList section */
		04E9B7F81B4AE173009939EA /* Build configuration list for PBXProject "DrawPad" */ = {
			isa = XCConfigurationList;
			buildConfigurations = (
				04E9B81E1B4AE173009939EA /* Debug */,
				04E9B81F1B4AE173009939EA /* Release */,
			);
			defaultConfigurationIsVisible = 0;
			defaultConfigurationName = Release;
		};
		04E9B8201B4AE173009939EA /* Build configuration list for PBXNativeTarget "DrawPad" */ = {
			isa = XCConfigurationList;
			buildConfigurations = (
				04E9B8211B4AE173009939EA /* Debug */,
				04E9B8221B4AE173009939EA /* Release */,
			);
			defaultConfigurationIsVisible = 0;
		};
		04E9B8231B4AE173009939EA /* Build configuration list for PBXNativeTarget "DrawPadTests" */ = {
			isa = XCConfigurationList;
			buildConfigurations = (
				04E9B8241B4AE173009939EA /* Debug */,
				04E9B8251B4AE173009939EA /* Release */,
			);
			defaultConfigurationIsVisible = 0;
		};
/* End XCConfigurationList section */
	};
	rootObject = 04E9B7F51B4AE173009939EA /* Project object */;
}
